{
  "name": "@exercism/typescript",
  "version": "1.0.0",
  "lockfileVersion": 1,
  "requires": true,
  "dependencies": {
    "typescript": {
      "version": "4.1.0-dev.20200914",
      "resolved": "https://registry.npmjs.org/typescript/-/typescript-4.1.0-dev.20200914.tgz",
      "integrity": "sha512-5c1/8ZH8/SkPKJPZMjNUp6kroEDQ/2STHsAbkGT050q9mjgBroDee0awp41MsPQbwSKoTLbX7cwxk3WcZxXteg==",
      "dev": true
    }
  }
}
